<?xml version="1.0" encoding="utf-8"?>
<Project ToolsVersion="4.0" xmlns="http://schemas.microsoft.com/developer/msbuild/2003">
  <ItemGroup>
    <Filter Include="Source Files">
      <UniqueIdentifier>{13C95021-D08C-4D1A-B999-262623984324}</UniqueIdentifier>
      <Extensions>cpp;c;cc;cxx;def;odl;idl;hpj;bat;asm;asmx</Extensions>
    </Filter>
    <Filter Include="Header Files">
      <UniqueIdentifier>{3436650f-4e7c-420a-abec-4cf5e74eaad1}</UniqueIdentifier>
    </Filter>
  </ItemGroup>
  <ItemGroup>
    <ClInclude Include="config.h">
      <Filter>Header Files</Filter>
    </ClInclude>
    <ClInclude Include="..\include\cdio\cdio.h">
      <Filter>Header Files</Filter>
    </ClInclude>
    <ClInclude Include="..\include\cdio\iso9660.h">
      <Filter>Header Files</Filter>
    </ClInclude>
    <ClInclude Include="..\include\cdio\logging.h">
      <Filter>Header Files</Filter>
    </ClInclude>
    <ClInclude Include="..\include\cdio\udf.h">
      <Filter>Header Files</Filter>
    </ClInclude>
    <ClInclude Include="..\src\cd-paranoia\buffering_write.h">
      <Filter>Header Files</Filter>
    </ClInclude>
    <ClInclude Include="..\src\cd-paranoia\getopt.h">
      <Filter>Header Files</Filter>
    </ClInclude>
    <ClInclude Include="..\src\cd-paranoia\header.h">
      <Filter>Header Files</Filter>
    </ClInclude>
    <ClInclude Include="..\src\cd-paranoia\report.h">
      <Filter>Header Files</Filter>
    </ClInclude>
    <ClInclude Include="..\src\cd-paranoia\usage-copy.h">
      <Filter>Header Files</Filter>
    </ClInclude>
    <ClInclude Include="..\src\cd-paranoia\utils.h">
      <Filter>Header Files</Filter>
    </ClInclude>
    <ClInclude Include="..\src\cd-paranoia\version.h">
      <Filter>Header Files</Filter>
    </ClInclude>
  </ItemGroup>
  <ItemGroup>
    <ClCompile Include="..\src\cd-paranoia\buffering_write.c">
      <Filter>Source Files</Filter>
    </ClCompile>
    <ClCompile Include="..\src\cd-paranoia\cd-paranoia.c">
      <Filter>Source Files</Filter>
    </ClCompile>
    <ClCompile Include="..\src\cd-paranoia\getopt.c">
      <Filter>Source Files</Filter>
    </ClCompile>
    <ClCompile Include="..\src\cd-paranoia\getopt1.c">
      <Filter>Source Files</Filter>
    </ClCompile>
    <ClCompile Include="..\src\cd-paranoia\header.c">
      <Filter>Source Files</Filter>
    </ClCompile>
    <ClCompile Include="..\src\cd-paranoia\report.c">
      <Filter>Source Files</Filter>
    </ClCompile>
  </ItemGroup>
</Project>