Microsoft Visual Studio Solution File, Format Version 11.00
# Visual Studio 2010
Project("{8BC9CEB8-8B4A-11D0-8D11-00A0C91BC942}") = "cd-paranoia", "cd-paranoia.vcxproj", "{13C95021-D08C-4D1A-B999-262623984324}"
EndProject
Project("{8BC9CEB8-8B4A-11D0-8D11-00A0C91BC942}") = "libcdio-cdda_interface", "cdda_interface.vcxproj", "{50F15FD7-5526-448E-BC58-E0970DCF88C1}"
EndProject
Project("{8BC9CEB8-8B4A-11D0-8D11-00A0C91BC942}") = "libcdio-paranoia", "paranoia.vcxproj", "{04594BDB-37C4-4909-BD16-B3719FA7EBC5}"
EndProject
Project("{8BC9CEB8-8B4A-11D0-8D11-00A0C91BC942}") = "libcdio-driver", "driver.vcxproj", "{FA1B1093-BA86-410A-B7A0-7A54C605F812}"
EndProject
Global
	GlobalSection(SolutionConfigurationPlatforms) = preSolution
		Debug|Win32 = Debug|Win32
		Debug|x64 = Debug|x64
		Release|Win32 = Release|Win32
		Release|x64 = Release|x64
	EndGlobalSection
	GlobalSection(ProjectConfigurationPlatforms) = postSolution
		{13C95021-D08C-4D1A-B999-262623984324}.Debug|Win32.ActiveCfg = Debug|Win32
		{13C95021-D08C-4D1A-B999-262623984324}.Debug|Win32.Build.0 = Debug|Win32
		{13C95021-D08C-4D1A-B999-262623984324}.Debug|x64.ActiveCfg = Debug|x64
		{13C95021-D08C-4D1A-B999-262623984324}.Debug|x64.Build.0 = Debug|x64
		{13C95021-D08C-4D1A-B999-262623984324}.Release|Win32.ActiveCfg = Release|Win32
		{13C95021-D08C-4D1A-B999-262623984324}.Release|Win32.Build.0 = Release|Win32
		{13C95021-D08C-4D1A-B999-262623984324}.Release|x64.ActiveCfg = Release|x64
		{13C95021-D08C-4D1A-B999-262623984324}.Release|x64.Build.0 = Release|x64
		{50F15FD7-5526-448E-BC58-E0970DCF88C1}.Debug|Win32.ActiveCfg = Debug|Win32
		{50F15FD7-5526-448E-BC58-E0970DCF88C1}.Debug|Win32.Build.0 = Debug|Win32
		{50F15FD7-5526-448E-BC58-E0970DCF88C1}.Debug|x64.ActiveCfg = Debug|x64
		{50F15FD7-5526-448E-BC58-E0970DCF88C1}.Debug|x64.Build.0 = Debug|x64
		{50F15FD7-5526-448E-BC58-E0970DCF88C1}.Release|Win32.ActiveCfg = Release|Win32
		{50F15FD7-5526-448E-BC58-E0970DCF88C1}.Release|Win32.Build.0 = Release|Win32
		{50F15FD7-5526-448E-BC58-E0970DCF88C1}.Release|x64.ActiveCfg = Release|x64
		{50F15FD7-5526-448E-BC58-E0970DCF88C1}.Release|x64.Build.0 = Release|x64
		{04594BDB-37C4-4909-BD16-B3719FA7EBC5}.Debug|Win32.ActiveCfg = Debug|Win32
		{04594BDB-37C4-4909-BD16-B3719FA7EBC5}.Debug|Win32.Build.0 = Debug|Win32
		{04594BDB-37C4-4909-BD16-B3719FA7EBC5}.Debug|x64.ActiveCfg = Debug|x64
		{04594BDB-37C4-4909-BD16-B3719FA7EBC5}.Debug|x64.Build.0 = Debug|x64
		{04594BDB-37C4-4909-BD16-B3719FA7EBC5}.Release|Win32.ActiveCfg = Release|Win32
		{04594BDB-37C4-4909-BD16-B3719FA7EBC5}.Release|Win32.Build.0 = Release|Win32
		{04594BDB-37C4-4909-BD16-B3719FA7EBC5}.Release|x64.ActiveCfg = Release|x64
		{04594BDB-37C4-4909-BD16-B3719FA7EBC5}.Release|x64.Build.0 = Release|x64
		{FA1B1093-BA86-410A-B7A0-7A54C605F812}.Debug|Win32.ActiveCfg = Debug|Win32
		{FA1B1093-BA86-410A-B7A0-7A54C605F812}.Debug|Win32.Build.0 = Debug|Win32
		{FA1B1093-BA86-410A-B7A0-7A54C605F812}.Debug|x64.ActiveCfg = Debug|x64
		{FA1B1093-BA86-410A-B7A0-7A54C605F812}.Debug|x64.Build.0 = Debug|x64
		{FA1B1093-BA86-410A-B7A0-7A54C605F812}.Release|Win32.ActiveCfg = Release|Win32
		{FA1B1093-BA86-410A-B7A0-7A54C605F812}.Release|Win32.Build.0 = Release|Win32
		{FA1B1093-BA86-410A-B7A0-7A54C605F812}.Release|x64.ActiveCfg = Release|x64
		{FA1B1093-BA86-410A-B7A0-7A54C605F812}.Release|x64.Build.0 = Release|x64
	EndGlobalSection
	GlobalSection(SolutionProperties) = preSolution
		HideSolutionNode = FALSE
	EndGlobalSection
EndGlobal
