<?xml version="1.0" encoding="utf-8"?>
<Project ToolsVersion="4.0" xmlns="http://schemas.microsoft.com/developer/msbuild/2003">
  <ItemGroup>
    <Filter Include="Source Files">
      <UniqueIdentifier>{0E09F306-6E4E-40BA-9363-03B046EEDC98}</UniqueIdentifier>
      <Extensions>cpp;c;cc;cxx;def;odl;idl;hpj;bat;asm;asmx</Extensions>
    </Filter>
    <Filter Include="Header Files">
      <UniqueIdentifier>{93995380-89BD-4b04-88EB-625FBE52EBFB}</UniqueIdentifier>
      <Extensions>h;hpp;hxx;hm;inl;inc;xsd</Extensions>
    </Filter>
  </ItemGroup>
  <ItemGroup>
    <ClInclude Include=".\config.h">
      <Filter>Header Files</Filter>
    </ClInclude>
    <ClInclude Include="..\lib\driver\cdio_assert.h">
      <Filter>Header Files</Filter>
    </ClInclude>
    <ClInclude Include="..\include\cdio\bytesex.h">
      <Filter>Header Files</Filter>
    </ClInclude>
    <ClInclude Include="..\include\cdio\cdio.h">
      <Filter>Header Files</Filter>
    </ClInclude>
    <ClInclude Include="..\lib\driver\cdio_private.h">
      <Filter>Header Files</Filter>
    </ClInclude>
    <ClInclude Include="..\include\cdio\logging.h">
      <Filter>Header Files</Filter>
    </ClInclude>
    <ClInclude Include="..\lib\cdda_interface\common_interface.h">
      <Filter>Header Files</Filter>
    </ClInclude>
    <ClInclude Include="..\lib\cdda_interface\drive_exceptions.h">
      <Filter>Header Files</Filter>
    </ClInclude>
    <ClInclude Include="..\lib\cdda_interface\low_interface.h">
      <Filter>Header Files</Filter>
    </ClInclude>
    <ClInclude Include="..\lib\cdda_interface\smallft.h">
      <Filter>Header Files</Filter>
    </ClInclude>
    <ClInclude Include="..\lib\cdda_interface\utils.h">
      <Filter>Header Files</Filter>
    </ClInclude>
  </ItemGroup>
  <ItemGroup>
    <ClCompile Include="..\lib\cdda_interface\cddap_interface.c">
      <Filter>Source Files</Filter>
    </ClCompile>
    <ClCompile Include="..\lib\cdda_interface\common_interface.c">
      <Filter>Source Files</Filter>
    </ClCompile>
    <ClCompile Include="..\lib\cdda_interface\drive_exceptions.c">
      <Filter>Source Files</Filter>
    </ClCompile>
    <ClCompile Include="..\lib\cdda_interface\interface.c">
      <Filter>Source Files</Filter>
    </ClCompile>
    <ClCompile Include="..\lib\cdda_interface\scan_devices.c">
      <Filter>Source Files</Filter>
    </ClCompile>
    <ClCompile Include="..\lib\cdda_interface\smallft.c">
      <Filter>Source Files</Filter>
    </ClCompile>
    <ClCompile Include="..\lib\cdda_interface\test_interface.c">
      <Filter>Source Files</Filter>
    </ClCompile>
    <ClCompile Include="..\lib\cdda_interface\toc.c">
      <Filter>Source Files</Filter>
    </ClCompile>
    <ClCompile Include="..\lib\cdda_interface\utils.c">
      <Filter>Source Files</Filter>
    </ClCompile>
  </ItemGroup>
</Project>