<?xml version="1.0" encoding="utf-8"?>
<Project ToolsVersion="4.0" xmlns="http://schemas.microsoft.com/developer/msbuild/2003">
  <ItemGroup>
    <Filter Include="Source Files">
      <UniqueIdentifier>{4FC737F1-C7A5-4376-A066-2A32D752A2FF}</UniqueIdentifier>
      <Extensions>cpp;c;cc;cxx;def;odl;idl;hpj;bat;asm;asmx</Extensions>
    </Filter>
    <Filter Include="Header Files">
      <UniqueIdentifier>{93995380-89BD-4b04-88EB-625FBE52EBFB}</UniqueIdentifier>
      <Extensions>h;hpp;hxx;hm;inl;inc;xsd</Extensions>
    </Filter>
    <Filter Include="Source Files\image">
      <UniqueIdentifier>{0a98734c-b7ea-406a-8ebe-7d94372ba311}</UniqueIdentifier>
    </Filter>
    <Filter Include="Source Files\FreeBSD">
      <UniqueIdentifier>{a7cdd0ef-b06d-4a36-be2c-e436c67b10d8}</UniqueIdentifier>
    </Filter>
    <Filter Include="Source Files\MSWindows">
      <UniqueIdentifier>{f4ceceff-7745-44e0-af0b-302046a88cdf}</UniqueIdentifier>
    </Filter>
    <Filter Include="Source Files\mmc">
      <UniqueIdentifier>{d846f9af-efc3-4bf7-91e0-3afa105b468f}</UniqueIdentifier>
    </Filter>
  </ItemGroup>
  <ItemGroup>
    <ClCompile Include="..\lib\driver\_cdio_stdio.c">
      <Filter>Source Files</Filter>
    </ClCompile>
    <ClCompile Include="..\lib\driver\_cdio_stream.c">
      <Filter>Source Files</Filter>
    </ClCompile>
    <ClCompile Include="..\lib\driver\logging.c">
      <Filter>Source Files</Filter>
    </ClCompile>
    <ClCompile Include="..\lib\driver\ds.c">
      <Filter>Source Files</Filter>
    </ClCompile>
    <ClCompile Include="..\lib\driver\read.c">
      <Filter>Source Files</Filter>
    </ClCompile>
    <ClCompile Include="..\lib\driver\util.c">
      <Filter>Source Files</Filter>
    </ClCompile>
    <ClCompile Include="..\lib\driver\sector.c">
      <Filter>Source Files</Filter>
    </ClCompile>
    <ClCompile Include="..\lib\driver\disc.c">
      <Filter>Source Files</Filter>
    </ClCompile>
    <ClCompile Include="..\lib\driver\track.c">
      <Filter>Source Files</Filter>
    </ClCompile>
    <ClCompile Include="..\lib\driver\_cdio_generic.c">
      <Filter>Source Files</Filter>
    </ClCompile>
    <ClCompile Include="..\lib\driver\cdio.c">
      <Filter>Source Files</Filter>
    </ClCompile>
    <ClCompile Include="..\lib\driver\device.c">
      <Filter>Source Files</Filter>
    </ClCompile>
    <ClCompile Include="..\lib\driver\image_common.c">
      <Filter>Source Files</Filter>
    </ClCompile>
    <ClCompile Include="..\lib\driver\os2.c">
      <Filter>Source Files</Filter>
    </ClCompile>
    <ClCompile Include="..\lib\driver\aix.c">
      <Filter>Source Files</Filter>
    </ClCompile>
    <ClCompile Include="..\lib\driver\osx.c">
      <Filter>Source Files</Filter>
    </ClCompile>
    <ClCompile Include="..\lib\driver\solaris.c">
      <Filter>Source Files</Filter>
    </ClCompile>
    <ClCompile Include="..\lib\driver\gnu_linux.c">
      <Filter>Source Files</Filter>
    </ClCompile>
    <ClCompile Include="..\lib\driver\image\nrg.c">
      <Filter>Source Files\image</Filter>
    </ClCompile>
    <ClCompile Include="..\lib\driver\image\bincue.c">
      <Filter>Source Files\image</Filter>
    </ClCompile>
    <ClCompile Include="..\lib\driver\image\cdrdao.c">
      <Filter>Source Files\image</Filter>
    </ClCompile>
    <ClCompile Include="..\lib\driver\bsdi.c">
      <Filter>Source Files</Filter>
    </ClCompile>
    <ClCompile Include="..\lib\driver\abs_path.c">
      <Filter>Source Files</Filter>
    </ClCompile>
    <ClCompile Include="..\lib\driver\netbsd.c">
      <Filter>Source Files</Filter>
    </ClCompile>
    <ClCompile Include="..\lib\driver\FreeBSD\freebsd.c">
      <Filter>Source Files\FreeBSD</Filter>
    </ClCompile>
    <ClCompile Include="..\lib\driver\cdtext.c">
      <Filter>Source Files</Filter>
    </ClCompile>
    <ClCompile Include="..\lib\driver\MSWindows\win32.c">
      <Filter>Source Files\MSWindows</Filter>
    </ClCompile>
    <ClCompile Include="..\lib\driver\mmc\mmc.c">
      <Filter>Source Files\mmc</Filter>
    </ClCompile>
    <ClCompile Include="..\lib\driver\mmc\mmc_util.c">
      <Filter>Source Files\mmc</Filter>
    </ClCompile>
    <ClCompile Include="..\lib\driver\mmc\mmc_hl_cmds.c">
      <Filter>Source Files\mmc</Filter>
    </ClCompile>
    <ClCompile Include="..\lib\driver\mmc\mmc_ll_cmds.c">
      <Filter>Source Files\mmc</Filter>
    </ClCompile>
    <ClCompile Include="..\lib\driver\realpath.c">
      <Filter>Source Files</Filter>
    </ClCompile>
    <ClCompile Include="..\lib\driver\cd_types.c">
      <Filter>Source Files</Filter>
    </ClCompile>
    <ClCompile Include="..\lib\driver\MSWindows\win32_ioctl.c">
      <Filter>Source Files\MSWindows</Filter>
    </ClCompile>
    <ClCompile Include="..\lib\driver\audio.c">
      <Filter>Source Files</Filter>
    </ClCompile>
    <ClCompile Include="..\lib\driver\utf8.c">
      <Filter>Source Files</Filter>
    </ClCompile>
    <ClCompile Include="..\lib\driver\MSWindows\aspi32.c">
      <Filter>Source Files\MSWindows</Filter>
    </ClCompile>
  </ItemGroup>
  <ItemGroup>
    <ClInclude Include="..\lib\driver\_cdio_stdio.h">
      <Filter>Header Files</Filter>
    </ClInclude>
    <ClInclude Include="..\lib\driver\_cdio_stream.h">
      <Filter>Header Files</Filter>
    </ClInclude>
    <ClInclude Include="..\lib\driver\cdio_assert.h">
      <Filter>Header Files</Filter>
    </ClInclude>
    <ClInclude Include="..\lib\driver\cdio_private.h">
      <Filter>Header Files</Filter>
    </ClInclude>
    <ClInclude Include="config.h">
      <Filter>Header Files</Filter>
    </ClInclude>
    <ClInclude Include="..\lib\driver\portable.h">
      <Filter>Header Files</Filter>
    </ClInclude>
    <ClInclude Include="..\lib\driver\image_common.h">
      <Filter>Header Files</Filter>
    </ClInclude>
    <ClInclude Include="..\lib\driver\image.h">
      <Filter>Header Files</Filter>
    </ClInclude>
    <ClInclude Include="..\lib\driver\generic.h">
      <Filter>Header Files</Filter>
    </ClInclude>
    <ClInclude Include="..\lib\driver\filemode.h">
      <Filter>Header Files</Filter>
    </ClInclude>
    <ClInclude Include="..\lib\driver\cdtext_private.h">
      <Filter>Header Files</Filter>
    </ClInclude>
    <ClInclude Include="..\include\cdio\cdio.h">
      <Filter>Header Files</Filter>
    </ClInclude>
    <ClInclude Include="..\include\cdio\types.h">
      <Filter>Header Files</Filter>
    </ClInclude>
    <ClInclude Include="..\include\cdio\sector.h">
      <Filter>Header Files</Filter>
    </ClInclude>
    <ClInclude Include="..\include\cdio\track.h">
      <Filter>Header Files</Filter>
    </ClInclude>
    <ClInclude Include="..\include\cdio\scsi_mmc.h">
      <Filter>Header Files</Filter>
    </ClInclude>
    <ClInclude Include="..\include\cdio\mmc.h">
      <Filter>Header Files</Filter>
    </ClInclude>
    <ClInclude Include="..\include\cdio\audio.h">
      <Filter>Header Files</Filter>
    </ClInclude>
    <ClInclude Include="..\include\cdio\bytesex.h">
      <Filter>Header Files</Filter>
    </ClInclude>
    <ClInclude Include="..\include\cdio\ecma_167.h">
      <Filter>Header Files</Filter>
    </ClInclude>
    <ClInclude Include="..\include\cdio\iso9660.h">
      <Filter>Header Files</Filter>
    </ClInclude>
    <ClInclude Include="missing\unistd.h">
      <Filter>Header Files</Filter>
    </ClInclude>
    <ClInclude Include="..\include\cdio\mmc_cmds.h">
      <Filter>Header Files</Filter>
    </ClInclude>
    <ClInclude Include="..\include\cdio\ds.h">
      <Filter>Header Files</Filter>
    </ClInclude>
    <ClInclude Include="..\include\cdio\mmc_hl_cmds.h">
      <Filter>Header Files</Filter>
    </ClInclude>
    <ClInclude Include="..\include\cdio\mmc_ll_cmds.h">
      <Filter>Header Files</Filter>
    </ClInclude>
    <ClInclude Include="..\include\cdio\mmc_util.h">
      <Filter>Header Files</Filter>
    </ClInclude>
    <ClInclude Include="..\include\cdio\util.h">
      <Filter>Header Files</Filter>
    </ClInclude>
  </ItemGroup>
</Project>